
Microsoft Visual Studio Solution File, Format Version 12.00
# Visual Studio Version 17
VisualStudioVersion = 17.2.32616.157
MinimumVisualStudioVersion = 10.0.40219.1
Project("{9A19103F-16F7-4668-BE54-9A1E7A4F7556}") = "ProductsAssignment", "ProductsAssignment\ProductsAssignment.csproj", "{1764E57B-8D58-4A45-B540-E4A9B906BCF6}"
EndProject
Project("{9A19103F-16F7-4668-BE54-9A1E7A4F7556}") = "Products.Test.Integration", "web-api-tests\Products.Test.Integration.csproj", "{7ACB79B2-2847-4377-80E7-23CB6FBA42D7}"
EndProject
Global
	GlobalSection(SolutionConfigurationPlatforms) = preSolution
		Debug|Any CPU = Debug|Any CPU
		Release|Any CPU = Release|Any CPU
	EndGlobalSection
	GlobalSection(ProjectConfigurationPlatforms) = postSolution
		{1764E57B-8D58-4A45-B540-E4A9B906BCF6}.Debug|Any CPU.ActiveCfg = Debug|Any CPU
		{1764E57B-8D58-4A45-B540-E4A9B906BCF6}.Debug|Any CPU.Build.0 = Debug|Any CPU
		{1764E57B-8D58-4A45-B540-E4A9B906BCF6}.Release|Any CPU.ActiveCfg = Release|Any CPU
		{1764E57B-8D58-4A45-B540-E4A9B906BCF6}.Release|Any CPU.Build.0 = Release|Any CPU
		{7ACB79B2-2847-4377-80E7-23CB6FBA42D7}.Debug|Any CPU.ActiveCfg = Debug|Any CPU
		{7ACB79B2-2847-4377-80E7-23CB6FBA42D7}.Debug|Any CPU.Build.0 = Debug|Any CPU
		{7ACB79B2-2847-4377-80E7-23CB6FBA42D7}.Release|Any CPU.ActiveCfg = Release|Any CPU
		{7ACB79B2-2847-4377-80E7-23CB6FBA42D7}.Release|Any CPU.Build.0 = Release|Any CPU
	EndGlobalSection
	GlobalSection(SolutionProperties) = preSolution
		HideSolutionNode = FALSE
	EndGlobalSection
	GlobalSection(ExtensibilityGlobals) = postSolution
		SolutionGuid = {853376B9-D28C-4CC6-A17C-BBE29BE520EA}
	EndGlobalSection
EndGlobal
